// !$*UTF8*$!
{
	archiveVersion = 1;
	classes = {
	};
	objectVersion = 50;
	objects = {

/* Begin PBXBuildFile section */
		7F06C2A03FF9127F68828436 /* Pods_FlickrImagesTests.framework in Frameworks */ = {isa = PBXBuildFile; fileRef = FABCA1AD0B12C6EB625482FA /* Pods_FlickrImagesTests.framework */; };
		A26E63CA5C980DE8ED341D10 /* Pods_FlickrImages.framework in Frameworks */ = {isa = PBXBuildFile; fileRef = C046A19C4337FB5B177E5745 /* Pods_FlickrImages.framework */; };
		C60FFDF02311479E00BA7E3E /* ListViewModel.swift in Sources */ = {isa = PBXBuildFile; fileRef = C60FFDEF2311479E00BA7E3E /* ListViewModel.swift */; };
		C60FFDF223115B0700BA7E3E /* ApplicationCoordinator.swift in Sources */ = {isa = PBXBuildFile; fileRef = C60FFDF123115B0700BA7E3E /* ApplicationCoordinator.swift */; };
		C60FFDF823115DCF00BA7E3E /* DetailsViewController.swift in Sources */ = {isa = PBXBuildFile; fileRef = C60FFDF723115DCF00BA7E3E /* DetailsViewController.swift */; };
		C60FFDFA2311739B00BA7E3E /* ListImageCell.swift in Sources */ = {isa = PBXBuildFile; fileRef = C60FFDF92311739B00BA7E3E /* ListImageCell.swift */; };
		C60FFDFD2311795B00BA7E3E /* DateFormatter+Extensions.swift in Sources */ = {isa = PBXBuildFile; fileRef = C60FFDFC2311795B00BA7E3E /* DateFormatter+Extensions.swift */; };
		C60FFDFF2311840100BA7E3E /* UIViewController+Extensions.swift in Sources */ = {isa = PBXBuildFile; fileRef = C60FFDFE2311840100BA7E3E /* UIViewController+Extensions.swift */; };
		C60FFE012311867200BA7E3E /* ReusableViewIdentifier.swift in Sources */ = {isa = PBXBuildFile; fileRef = C60FFE002311867200BA7E3E /* ReusableViewIdentifier.swift */; };
		C617195B230EE10D00D86F1B /* FlickrItem.swift in Sources */ = {isa = PBXBuildFile; fileRef = C617195A230EE10D00D86F1B /* FlickrItem.swift */; };
		C617195D230EF6B000D86F1B /* FlickrFeed.swift in Sources */ = {isa = PBXBuildFile; fileRef = C617195C230EF6B000D86F1B /* FlickrFeed.swift */; };
		C6171961230F075E00D86F1B /* APIClient.swift in Sources */ = {isa = PBXBuildFile; fileRef = C6171960230F075E00D86F1B /* APIClient.swift */; };
		C6DFA1F1230D686D00974F16 /* AppDelegate.swift in Sources */ = {isa = PBXBuildFile; fileRef = C6DFA1F0230D686D00974F16 /* AppDelegate.swift */; };
		C6DFA1F3230D686D00974F16 /* ListViewController.swift in Sources */ = {isa = PBXBuildFile; fileRef = C6DFA1F2230D686D00974F16 /* ListViewController.swift */; };
		C6DFA1F8230D686E00974F16 /* Assets.xcassets in Resources */ = {isa = PBXBuildFile; fileRef = C6DFA1F7230D686E00974F16 /* Assets.xcassets */; };
		C6DFA1FB230D686E00974F16 /* LaunchScreen.storyboard in Resources */ = {isa = PBXBuildFile; fileRef = C6DFA1F9230D686E00974F16 /* LaunchScreen.storyboard */; };
		C6DFA206230D686E00974F16 /* FlickrImagesTests.swift in Sources */ = {isa = PBXBuildFile; fileRef = C6DFA205230D686E00974F16 /* FlickrImagesTests.swift */; };
		C6EA30042316F8AE0036732B /* MenuView.swift in Sources */ = {isa = PBXBuildFile; fileRef = C6EA30032316F8AE0036732B /* MenuView.swift */; };
		C6EA3006231AEDE60036732B /* UIView+Extensions.swift in Sources */ = {isa = PBXBuildFile; fileRef = C6EA3005231AEDE60036732B /* UIView+Extensions.swift */; };
/* End PBXBuildFile section */

/* Begin PBXContainerItemProxy section */
		C6DFA202230D686E00974F16 /* PBXContainerItemProxy */ = {
			isa = PBXContainerItemProxy;
			containerPortal = C6DFA1E5230D686D00974F16 /* Project object */;
			proxyType = 1;
			remoteGlobalIDString = C6DFA1EC230D686D00974F16;
			remoteInfo = FlickrImages;
		};
/* End PBXContainerItemProxy section */

/* Begin PBXFileReference section */
		2908C80E2B6ED25BD1486CD4 /* Pods-FlickrImagesTests.debug.xcconfig */ = {isa = PBXFileReference; includeInIndex = 1; lastKnownFileType = text.xcconfig; name = "Pods-FlickrImagesTests.debug.xcconfig"; path = "Pods/Target Support Files/Pods-FlickrImagesTests/Pods-FlickrImagesTests.debug.xcconfig"; sourceTree = "<group>"; };
		4BEFDDA6016865E131E6BF12 /* Pods-FlickrImagesTests.release.xcconfig */ = {isa = PBXFileReference; includeInIndex = 1; lastKnownFileType = text.xcconfig; name = "Pods-FlickrImagesTests.release.xcconfig"; path = "Pods/Target Support Files/Pods-FlickrImagesTests/Pods-FlickrImagesTests.release.xcconfig"; sourceTree = "<group>"; };
		795B26650F443C3D52541840 /* Pods-FlickrImages.release.xcconfig */ = {isa = PBXFileReference; includeInIndex = 1; lastKnownFileType = text.xcconfig; name = "Pods-FlickrImages.release.xcconfig"; path = "Pods/Target Support Files/Pods-FlickrImages/Pods-FlickrImages.release.xcconfig"; sourceTree = "<group>"; };
		AA990848529C192D219E8051 /* Pods-FlickrImages.debug.xcconfig */ = {isa = PBXFileReference; includeInIndex = 1; lastKnownFileType = text.xcconfig; name = "Pods-FlickrImages.debug.xcconfig"; path = "Pods/Target Support Files/Pods-FlickrImages/Pods-FlickrImages.debug.xcconfig"; sourceTree = "<group>"; };
		C046A19C4337FB5B177E5745 /* Pods_FlickrImages.framework */ = {isa = PBXFileReference; explicitFileType = wrapper.framework; includeInIndex = 0; path = Pods_FlickrImages.framework; sourceTree = BUILT_PRODUCTS_DIR; };
		C60FFDEF2311479E00BA7E3E /* ListViewModel.swift */ = {isa = PBXFileReference; lastKnownFileType = sourcecode.swift; path = ListViewModel.swift; sourceTree = "<group>"; };
		C60FFDF123115B0700BA7E3E /* ApplicationCoordinator.swift */ = {isa = PBXFileReference; lastKnownFileType = sourcecode.swift; path = ApplicationCoordinator.swift; sourceTree = "<group>"; };
		C60FFDF723115DCF00BA7E3E /* DetailsViewController.swift */ = {isa = PBXFileReference; lastKnownFileType = sourcecode.swift; path = DetailsViewController.swift; sourceTree = "<group>"; };
		C60FFDF92311739B00BA7E3E /* ListImageCell.swift */ = {isa = PBXFileReference; lastKnownFileType = sourcecode.swift; path = ListImageCell.swift; sourceTree = "<group>"; };
		C60FFDFC2311795B00BA7E3E /* DateFormatter+Extensions.swift */ = {isa = PBXFileReference; lastKnownFileType = sourcecode.swift; path = "DateFormatter+Extensions.swift"; sourceTree = "<group>"; };
		C60FFDFE2311840100BA7E3E /* UIViewController+Extensions.swift */ = {isa = PBXFileReference; lastKnownFileType = sourcecode.swift; path = "UIViewController+Extensions.swift"; sourceTree = "<group>"; };
		C60FFE002311867200BA7E3E /* ReusableViewIdentifier.swift */ = {isa = PBXFileReference; lastKnownFileType = sourcecode.swift; path = ReusableViewIdentifier.swift; sourceTree = "<group>"; };
		C617195A230EE10D00D86F1B /* FlickrItem.swift */ = {isa = PBXFileReference; lastKnownFileType = sourcecode.swift; path = FlickrItem.swift; sourceTree = "<group>"; };
		C617195C230EF6B000D86F1B /* FlickrFeed.swift */ = {isa = PBXFileReference; lastKnownFileType = sourcecode.swift; path = FlickrFeed.swift; sourceTree = "<group>"; };
		C6171960230F075E00D86F1B /* APIClient.swift */ = {isa = PBXFileReference; lastKnownFileType = sourcecode.swift; path = APIClient.swift; sourceTree = "<group>"; };
		C6DFA1ED230D686D00974F16 /* FlickrImages.app */ = {isa = PBXFileReference; explicitFileType = wrapper.application; includeInIndex = 0; path = FlickrImages.app; sourceTree = BUILT_PRODUCTS_DIR; };
		C6DFA1F0230D686D00974F16 /* AppDelegate.swift */ = {isa = PBXFileReference; lastKnownFileType = sourcecode.swift; path = AppDelegate.swift; sourceTree = "<group>"; };
		C6DFA1F2230D686D00974F16 /* ListViewController.swift */ = {isa = PBXFileReference; lastKnownFileType = sourcecode.swift; path = ListViewController.swift; sourceTree = "<group>"; };
		C6DFA1F7230D686E00974F16 /* Assets.xcassets */ = {isa = PBXFileReference; lastKnownFileType = folder.assetcatalog; path = Assets.xcassets; sourceTree = "<group>"; };
		C6DFA1FA230D686E00974F16 /* Base */ = {isa = PBXFileReference; lastKnownFileType = file.storyboard; name = Base; path = Base.lproj/LaunchScreen.storyboard; sourceTree = "<group>"; };
		C6DFA1FC230D686E00974F16 /* Info.plist */ = {isa = PBXFileReference; lastKnownFileType = text.plist.xml; path = Info.plist; sourceTree = "<group>"; };
		C6DFA201230D686E00974F16 /* FlickrImagesTests.xctest */ = {isa = PBXFileReference; explicitFileType = wrapper.cfbundle; includeInIndex = 0; path = FlickrImagesTests.xctest; sourceTree = BUILT_PRODUCTS_DIR; };
		C6DFA205230D686E00974F16 /* FlickrImagesTests.swift */ = {isa = PBXFileReference; lastKnownFileType = sourcecode.swift; path = FlickrImagesTests.swift; sourceTree = "<group>"; };
		C6DFA207230D686E00974F16 /* Info.plist */ = {isa = PBXFileReference; lastKnownFileType = text.plist.xml; path = Info.plist; sourceTree = "<group>"; };
		C6EA30032316F8AE0036732B /* MenuView.swift */ = {isa = PBXFileReference; lastKnownFileType = sourcecode.swift; path = MenuView.swift; sourceTree = "<group>"; };
		C6EA3005231AEDE60036732B /* UIView+Extensions.swift */ = {isa = PBXFileReference; lastKnownFileType = sourcecode.swift; path = "UIView+Extensions.swift"; sourceTree = "<group>"; };
		FABCA1AD0B12C6EB625482FA /* Pods_FlickrImagesTests.framework */ = {isa = PBXFileReference; explicitFileType = wrapper.framework; includeInIndex = 0; path = Pods_FlickrImagesTests.framework; sourceTree = BUILT_PRODUCTS_DIR; };
/* End PBXFileReference section */

/* Begin PBXFrameworksBuildPhase section */
		C6DFA1EA230D686D00974F16 /* Frameworks */ = {
			isa = PBXFrameworksBuildPhase;
			buildActionMask = 2147483647;
			files = (
				A26E63CA5C980DE8ED341D10 /* Pods_FlickrImages.framework in Frameworks */,
			);
			runOnlyForDeploymentPostprocessing = 0;
		};
		C6DFA1FE230D686E00974F16 /* Frameworks */ = {
			isa = PBXFrameworksBuildPhase;
			buildActionMask = 2147483647;
			files = (
				7F06C2A03FF9127F68828436 /* Pods_FlickrImagesTests.framework in Frameworks */,
			);
			runOnlyForDeploymentPostprocessing = 0;
		};
/* End PBXFrameworksBuildPhase section */

/* Begin PBXGroup section */
		9A8EDC0632F203E3BB562212 /* Frameworks */ = {
			isa = PBXGroup;
			children = (
				C046A19C4337FB5B177E5745 /* Pods_FlickrImages.framework */,
				FABCA1AD0B12C6EB625482FA /* Pods_FlickrImagesTests.framework */,
			);
			name = Frameworks;
			sourceTree = "<group>";
		};
		C60FFDF323115CAC00BA7E3E /* Coordinator */ = {
			isa = PBXGroup;
			children = (
				C60FFDF123115B0700BA7E3E /* ApplicationCoordinator.swift */,
			);
			path = Coordinator;
			sourceTree = "<group>";
		};
		C60FFDF623115DB800BA7E3E /* Details */ = {
			isa = PBXGroup;
			children = (
				C60FFDF723115DCF00BA7E3E /* DetailsViewController.swift */,
			);
			path = Details;
			sourceTree = "<group>";
		};
		C60FFDFB2311794000BA7E3E /* Utils */ = {
			isa = PBXGroup;
			children = (
				C60FFDFC2311795B00BA7E3E /* DateFormatter+Extensions.swift */,
				C60FFDFE2311840100BA7E3E /* UIViewController+Extensions.swift */,
				C60FFE002311867200BA7E3E /* ReusableViewIdentifier.swift */,
				C6EA3005231AEDE60036732B /* UIView+Extensions.swift */,
			);
			path = Utils;
			sourceTree = "<group>";
		};
		C6125FBC2311474B0096172A /* List */ = {
			isa = PBXGroup;
			children = (
				C6DFA1F2230D686D00974F16 /* ListViewController.swift */,
				C60FFDEF2311479E00BA7E3E /* ListViewModel.swift */,
				C60FFDF92311739B00BA7E3E /* ListImageCell.swift */,
				C6EA30032316F8AE0036732B /* MenuView.swift */,
			);
			path = List;
			sourceTree = "<group>";
		};
		C6171959230EDBF200D86F1B /* Networking & Models */ = {
			isa = PBXGroup;
			children = (
				C617195F230F074E00D86F1B /* Networking */,
				C617195E230F073100D86F1B /* Models */,
			);
			path = "Networking & Models";
			sourceTree = "<group>";
		};
		C617195E230F073100D86F1B /* Models */ = {
			isa = PBXGroup;
			children = (
				C617195A230EE10D00D86F1B /* FlickrItem.swift */,
				C617195C230EF6B000D86F1B /* FlickrFeed.swift */,
			);
			path = Models;
			sourceTree = "<group>";
		};
		C617195F230F074E00D86F1B /* Networking */ = {
			isa = PBXGroup;
			children = (
				C6171960230F075E00D86F1B /* APIClient.swift */,
			);
			path = Networking;
			sourceTree = "<group>";
		};
		C6DFA1E4230D686D00974F16 = {
			isa = PBXGroup;
			children = (
				C6DFA1EF230D686D00974F16 /* FlickrImages */,
				C6DFA204230D686E00974F16 /* FlickrImagesTests */,
				C6DFA1EE230D686D00974F16 /* Products */,
				EF8DBE9E6ABA1B2869552FD0 /* Pods */,
				9A8EDC0632F203E3BB562212 /* Frameworks */,
			);
			sourceTree = "<group>";
		};
		C6DFA1EE230D686D00974F16 /* Products */ = {
			isa = PBXGroup;
			children = (
				C6DFA1ED230D686D00974F16 /* FlickrImages.app */,
				C6DFA201230D686E00974F16 /* FlickrImagesTests.xctest */,
			);
			name = Products;
			sourceTree = "<group>";
		};
		C6DFA1EF230D686D00974F16 /* FlickrImages */ = {
			isa = PBXGroup;
			children = (
				C60FFDFB2311794000BA7E3E /* Utils */,
				C6DFA1F0230D686D00974F16 /* AppDelegate.swift */,
				C60FFDF323115CAC00BA7E3E /* Coordinator */,
				C6125FBC2311474B0096172A /* List */,
				C60FFDF623115DB800BA7E3E /* Details */,
				C6171959230EDBF200D86F1B /* Networking & Models */,
				C6DFA1F7230D686E00974F16 /* Assets.xcassets */,
				C6DFA1F9230D686E00974F16 /* LaunchScreen.storyboard */,
				C6DFA1FC230D686E00974F16 /* Info.plist */,
			);
			path = FlickrImages;
			sourceTree = "<group>";
		};
		C6DFA204230D686E00974F16 /* FlickrImagesTests */ = {
			isa = PBXGroup;
			children = (
				C6DFA205230D686E00974F16 /* FlickrImagesTests.swift */,
				C6DFA207230D686E00974F16 /* Info.plist */,
			);
			path = FlickrImagesTests;
			sourceTree = "<group>";
		};
		EF8DBE9E6ABA1B2869552FD0 /* Pods */ = {
			isa = PBXGroup;
			children = (
				AA990848529C192D219E8051 /* Pods-FlickrImages.debug.xcconfig */,
				795B26650F443C3D52541840 /* Pods-FlickrImages.release.xcconfig */,
				2908C80E2B6ED25BD1486CD4 /* Pods-FlickrImagesTests.debug.xcconfig */,
				4BEFDDA6016865E131E6BF12 /* Pods-FlickrImagesTests.release.xcconfig */,
			);
			name = Pods;
			sourceTree = "<group>";
		};
/* End PBXGroup section */

/* Begin PBXNativeTarget section */
		C6DFA1EC230D686D00974F16 /* FlickrImages */ = {
			isa = PBXNativeTarget;
			buildConfigurationList = C6DFA20A230D686E00974F16 /* Build configuration list for PBXNativeTarget "FlickrImages" */;
			buildPhases = (
				563FA46002ACE0040CC8DE45 /* [CP] Check Pods Manifest.lock */,
				C6DFA1E9230D686D00974F16 /* Sources */,
				C6DFA1EA230D686D00974F16 /* Frameworks */,
				C6DFA1EB230D686D00974F16 /* Resources */,
				45E0949FFAF4CAA7FE6CC264 /* [CP] Embed Pods Frameworks */,
			);
			buildRules = (
			);
			dependencies = (
			);
			name = FlickrImages;
			productName = FlickrImages;
			productReference = C6DFA1ED230D686D00974F16 /* FlickrImages.app */;
			productType = "com.apple.product-type.application";
		};
		C6DFA200230D686E00974F16 /* FlickrImagesTests */ = {
			isa = PBXNativeTarget;
			buildConfigurationList = C6DFA20D230D686E00974F16 /* Build configuration list for PBXNativeTarget "FlickrImagesTests" */;
			buildPhases = (
				E82F115ABD29C241D0F6FA44 /* [CP] Check Pods Manifest.lock */,
				C6DFA1FD230D686E00974F16 /* Sources */,
				C6DFA1FE230D686E00974F16 /* Frameworks */,
				C6DFA1FF230D686E00974F16 /* Resources */,
				1F2875A535EDE5C7BD81CA94 /* [CP] Embed Pods Frameworks */,
			);
			buildRules = (
			);
			dependencies = (
				C6DFA203230D686E00974F16 /* PBXTargetDependency */,
			);
			name = FlickrImagesTests;
			productName = FlickrImagesTests;
			productReference = C6DFA201230D686E00974F16 /* FlickrImagesTests.xctest */;
			productType = "com.apple.product-type.bundle.unit-test";
		};
/* End PBXNativeTarget section */

/* Begin PBXProject section */
		C6DFA1E5230D686D00974F16 /* Project object */ = {
			isa = PBXProject;
			attributes = {
				LastSwiftUpdateCheck = 1030;
				LastUpgradeCheck = 1030;
				ORGANIZATIONNAME = Bartosz.Wolinski;
				TargetAttributes = {
					C6DFA1EC230D686D00974F16 = {
						CreatedOnToolsVersion = 10.3;
					};
					C6DFA200230D686E00974F16 = {
						CreatedOnToolsVersion = 10.3;
						TestTargetID = C6DFA1EC230D686D00974F16;
					};
				};
			};
			buildConfigurationList = C6DFA1E8230D686D00974F16 /* Build configuration list for PBXProject "FlickrImages" */;
			compatibilityVersion = "Xcode 9.3";
			developmentRegion = en;
			hasScannedForEncodings = 0;
			knownRegions = (
				en,
				Base,
			);
			mainGroup = C6DFA1E4230D686D00974F16;
			productRefGroup = C6DFA1EE230D686D00974F16 /* Products */;
			projectDirPath = "";
			projectRoot = "";
			targets = (
				C6DFA1EC230D686D00974F16 /* FlickrImages */,
				C6DFA200230D686E00974F16 /* FlickrImagesTests */,
			);
		};
/* End PBXProject section */

/* Begin PBXResourcesBuildPhase section */
		C6DFA1EB230D686D00974F16 /* Resources */ = {
			isa = PBXResourcesBuildPhase;
			buildActionMask = 2147483647;
			files = (
				C6DFA1FB230D686E00974F16 /* LaunchScreen.storyboard in Resources */,
				C6DFA1F8230D686E00974F16 /* Assets.xcassets in Resources */,
			);
			runOnlyForDeploymentPostprocessing = 0;
		};
		C6DFA1FF230D686E00974F16 /* Resources */ = {
			isa = PBXResourcesBuildPhase;
			buildActionMask = 2147483647;
			files = (
			);
			runOnlyForDeploymentPostprocessing = 0;
		};
/* End PBXResourcesBuildPhase section */

/* Begin PBXShellScriptBuildPhase section */
		1F2875A535EDE5C7BD81CA94 /* [CP] Embed Pods Frameworks */ = {
			isa = PBXShellScriptBuildPhase;
			buildActionMask = 2147483647;
			files = (
			);
			inputPaths = (
				"${SRCROOT}/Pods/Target Support Files/Pods-FlickrImagesTests/Pods-FlickrImagesTests-frameworks.sh",
				"${BUILT_PRODUCTS_DIR}/RxSwift/RxSwift.framework",
				"${BUILT_PRODUCTS_DIR}/RxBlocking/RxBlocking.framework",
				"${BUILT_PRODUCTS_DIR}/RxTest/RxTest.framework",
			);
			name = "[CP] Embed Pods Frameworks";
			outputPaths = (
				"${TARGET_BUILD_DIR}/${FRAMEWORKS_FOLDER_PATH}/RxSwift.framework",
				"${TARGET_BUILD_DIR}/${FRAMEWORKS_FOLDER_PATH}/RxBlocking.framework",
				"${TARGET_BUILD_DIR}/${FRAMEWORKS_FOLDER_PATH}/RxTest.framework",
			);
			runOnlyForDeploymentPostprocessing = 0;
			shellPath = /bin/sh;
			shellScript = "\"${SRCROOT}/Pods/Target Support Files/Pods-FlickrImagesTests/Pods-FlickrImagesTests-frameworks.sh\"\n";
			showEnvVarsInLog = 0;
		};
		45E0949FFAF4CAA7FE6CC264 /* [CP] Embed Pods Frameworks */ = {
			isa = PBXShellScriptBuildPhase;
			buildActionMask = 2147483647;
			files = (
			);
			inputPaths = (
				"${SRCROOT}/Pods/Target Support Files/Pods-FlickrImages/Pods-FlickrImages-frameworks.sh",
				"${BUILT_PRODUCTS_DIR}/Kingfisher/Kingfisher.framework",
				"${BUILT_PRODUCTS_DIR}/RxCocoa/RxCocoa.framework",
				"${BUILT_PRODUCTS_DIR}/RxRelay/RxRelay.framework",
				"${BUILT_PRODUCTS_DIR}/RxSwift/RxSwift.framework",
			);
			name = "[CP] Embed Pods Frameworks";
			outputPaths = (
				"${TARGET_BUILD_DIR}/${FRAMEWORKS_FOLDER_PATH}/Kingfisher.framework",
				"${TARGET_BUILD_DIR}/${FRAMEWORKS_FOLDER_PATH}/RxCocoa.framework",
				"${TARGET_BUILD_DIR}/${FRAMEWORKS_FOLDER_PATH}/RxRelay.framework",
				"${TARGET_BUILD_DIR}/${FRAMEWORKS_FOLDER_PATH}/RxSwift.framework",
			);
			runOnlyForDeploymentPostprocessing = 0;
			shellPath = /bin/sh;
			shellScript = "\"${SRCROOT}/Pods/Target Support Files/Pods-FlickrImages/Pods-FlickrImages-frameworks.sh\"\n";
			showEnvVarsInLog = 0;
		};
		563FA46002ACE0040CC8DE45 /* [CP] Check Pods Manifest.lock */ = {
			isa = PBXShellScriptBuildPhase;
			buildActionMask = 2147483647;
			files = (
			);
			inputPaths = (
				"${PODS_PODFILE_DIR_PATH}/Podfile.lock",
				"${PODS_ROOT}/Manifest.lock",
			);
			name = "[CP] Check Pods Manifest.lock";
			outputPaths = (
				"$(DERIVED_FILE_DIR)/Pods-FlickrImages-checkManifestLockResult.txt",
			);
			runOnlyForDeploymentPostprocessing = 0;
			shellPath = /bin/sh;
			shellScript = "diff \"${PODS_PODFILE_DIR_PATH}/Podfile.lock\" \"${PODS_ROOT}/Manifest.lock\" > /dev/null\nif [ $? != 0 ] ; then\n    # print error to STDERR\n    echo \"error: The sandbox is not in sync with the Podfile.lock. Run 'pod install' or update your CocoaPods installation.\" >&2\n    exit 1\nfi\n# This output is used by Xcode 'outputs' to avoid re-running this script phase.\necho \"SUCCESS\" > \"${SCRIPT_OUTPUT_FILE_0}\"\n";
			showEnvVarsInLog = 0;
		};
		E82F115ABD29C241D0F6FA44 /* [CP] Check Pods Manifest.lock */ = {
			isa = PBXShellScriptBuildPhase;
			buildActionMask = 2147483647;
			files = (
			);
			inputPaths = (
				"${PODS_PODFILE_DIR_PATH}/Podfile.lock",
				"${PODS_ROOT}/Manifest.lock",
			);
			name = "[CP] Check Pods Manifest.lock";
			outputPaths = (
				"$(DERIVED_FILE_DIR)/Pods-FlickrImagesTests-checkManifestLockResult.txt",
			);
			runOnlyForDeploymentPostprocessing = 0;
			shellPath = /bin/sh;
			shellScript = "diff \"${PODS_PODFILE_DIR_PATH}/Podfile.lock\" \"${PODS_ROOT}/Manifest.lock\" > /dev/null\nif [ $? != 0 ] ; then\n    # print error to STDERR\n    echo \"error: The sandbox is not in sync with the Podfile.lock. Run 'pod install' or update your CocoaPods installation.\" >&2\n    exit 1\nfi\n# This output is used by Xcode 'outputs' to avoid re-running this script phase.\necho \"SUCCESS\" > \"${SCRIPT_OUTPUT_FILE_0}\"\n";
			showEnvVarsInLog = 0;
		};
/* End PBXShellScriptBuildPhase section */

/* Begin PBXSourcesBuildPhase section */
		C6DFA1E9230D686D00974F16 /* Sources */ = {
			isa = PBXSourcesBuildPhase;
			buildActionMask = 2147483647;
			files = (
				C6EA3006231AEDE60036732B /* UIView+Extensions.swift in Sources */,
				C60FFE012311867200BA7E3E /* ReusableViewIdentifier.swift in Sources */,
				C6DFA1F3230D686D00974F16 /* ListViewController.swift in Sources */,
				C6DFA1F1230D686D00974F16 /* AppDelegate.swift in Sources */,
				C60FFDF823115DCF00BA7E3E /* DetailsViewController.swift in Sources */,
				C60FFDF02311479E00BA7E3E /* ListViewModel.swift in Sources */,
				C60FFDFD2311795B00BA7E3E /* DateFormatter+Extensions.swift in Sources */,
				C617195D230EF6B000D86F1B /* FlickrFeed.swift in Sources */,
				C6EA30042316F8AE0036732B /* MenuView.swift in Sources */,
				C60FFDFF2311840100BA7E3E /* UIViewController+Extensions.swift in Sources */,
				C6171961230F075E00D86F1B /* APIClient.swift in Sources */,
				C60FFDFA2311739B00BA7E3E /* ListImageCell.swift in Sources */,
				C617195B230EE10D00D86F1B /* FlickrItem.swift in Sources */,
				C60FFDF223115B0700BA7E3E /* ApplicationCoordinator.swift in Sources */,
			);
			runOnlyForDeploymentPostprocessing = 0;
		};
		C6DFA1FD230D686E00974F16 /* Sources */ = {
			isa = PBXSourcesBuildPhase;
			buildActionMask = 2147483647;
			files = (
				C6DFA206230D686E00974F16 /* FlickrImagesTests.swift in Sources */,
			);
			runOnlyForDeploymentPostprocessing = 0;
		};
/* End PBXSourcesBuildPhase section */

/* Begin PBXTargetDependency section */
		C6DFA203230D686E00974F16 /* PBXTargetDependency */ = {
			isa = PBXTargetDependency;
			target = C6DFA1EC230D686D00974F16 /* FlickrImages */;
			targetProxy = C6DFA202230D686E00974F16 /* PBXContainerItemProxy */;
		};
/* End PBXTargetDependency section */

/* Begin PBXVariantGroup section */
		C6DFA1F9230D686E00974F16 /* LaunchScreen.storyboard */ = {
			isa = PBXVariantGroup;
			children = (
				C6DFA1FA230D686E00974F16 /* Base */,
			);
			name = LaunchScreen.storyboard;
			sourceTree = "<group>";
		};
/* End PBXVariantGroup section */

/* Begin XCBuildConfiguration section */
		C6DFA208230D686E00974F16 /* Debug */ = {
			isa = XCBuildConfiguration;
			buildSettings = {
				ALWAYS_SEARCH_USER_PATHS = NO;
				CLANG_ANALYZER_NONNULL = YES;
				CLANG_ANALYZER_NUMBER_OBJECT_CONVERSION = YES_AGGRESSIVE;
				CLANG_CXX_LANGUAGE_STANDARD = "gnu++14";
				CLANG_CXX_LIBRARY = "libc++";
				CLANG_ENABLE_MODULES = YES;
				CLANG_ENABLE_OBJC_ARC = YES;
				CLANG_ENABLE_OBJC_WEAK = YES;
				CLANG_WARN_BLOCK_CAPTURE_AUTORELEASING = YES;
				CLANG_WARN_BOOL_CONVERSION = YES;
				CLANG_WARN_COMMA = YES;
				CLANG_WARN_CONSTANT_CONVERSION = YES;
				CLANG_WARN_DEPRECATED_OBJC_IMPLEMENTATIONS = YES;
				CLANG_WARN_DIRECT_OBJC_ISA_USAGE = YES_ERROR;
				CLANG_WARN_DOCUMENTATION_COMMENTS = YES;
				CLANG_WARN_EMPTY_BODY = YES;
				CLANG_WARN_ENUM_CONVERSION = YES;
				CLANG_WARN_INFINITE_RECURSION = YES;
				CLANG_WARN_INT_CONVERSION = YES;
				CLANG_WARN_NON_LITERAL_NULL_CONVERSION = YES;
				CLANG_WARN_OBJC_IMPLICIT_RETAIN_SELF = YES;
				CLANG_WARN_OBJC_LITERAL_CONVERSION = YES;
				CLANG_WARN_OBJC_ROOT_CLASS = YES_ERROR;
				CLANG_WARN_RANGE_LOOP_ANALYSIS = YES;
				CLANG_WARN_STRICT_PROTOTYPES = YES;
				CLANG_WARN_SUSPICIOUS_MOVE = YES;
				CLANG_WARN_UNGUARDED_AVAILABILITY = YES_AGGRESSIVE;
				CLANG_WARN_UNREACHABLE_CODE = YES;
				CLANG_WARN__DUPLICATE_METHOD_MATCH = YES;
				CODE_SIGN_IDENTITY = "iPhone Developer";
				COPY_PHASE_STRIP = NO;
				DEBUG_INFORMATION_FORMAT = dwarf;
				ENABLE_STRICT_OBJC_MSGSEND = YES;
				ENABLE_TESTABILITY = YES;
				GCC_C_LANGUAGE_STANDARD = gnu11;
				GCC_DYNAMIC_NO_PIC = NO;
				GCC_NO_COMMON_BLOCKS = YES;
				GCC_OPTIMIZATION_LEVEL = 0;
				GCC_PREPROCESSOR_DEFINITIONS = (
					"DEBUG=1",
					"$(inherited)",
				);
				GCC_WARN_64_TO_32_BIT_CONVERSION = YES;
				GCC_WARN_ABOUT_RETURN_TYPE = YES_ERROR;
				GCC_WARN_UNDECLARED_SELECTOR = YES;
				GCC_WARN_UNINITIALIZED_AUTOS = YES_AGGRESSIVE;
				GCC_WARN_UNUSED_FUNCTION = YES;
				GCC_WARN_UNUSED_VARIABLE = YES;
				IPHONEOS_DEPLOYMENT_TARGET = 12.4;
				MTL_ENABLE_DEBUG_INFO = INCLUDE_SOURCE;
				MTL_FAST_MATH = YES;
				ONLY_ACTIVE_ARCH = YES;
				SDKROOT = iphoneos;
				SWIFT_ACTIVE_COMPILATION_CONDITIONS = DEBUG;
				SWIFT_OPTIMIZATION_LEVEL = "-Onone";
			};
			name = Debug;
		};
		C6DFA209230D686E00974F16 /* Release */ = {
			isa = XCBuildConfiguration;
			buildSettings = {
				ALWAYS_SEARCH_USER_PATHS = NO;
				CLANG_ANALYZER_NONNULL = YES;
				CLANG_ANALYZER_NUMBER_OBJECT_CONVERSION = YES_AGGRESSIVE;
				CLANG_CXX_LANGUAGE_STANDARD = "gnu++14";
				CLANG_CXX_LIBRARY = "libc++";
				CLANG_ENABLE_MODULES = YES;
				CLANG_ENABLE_OBJC_ARC = YES;
				CLANG_ENABLE_OBJC_WEAK = YES;
				CLANG_WARN_BLOCK_CAPTURE_AUTORELEASING = YES;
				CLANG_WARN_BOOL_CONVERSION = YES;
				CLANG_WARN_COMMA = YES;
				CLANG_WARN_CONSTANT_CONVERSION = YES;
				CLANG_WARN_DEPRECATED_OBJC_IMPLEMENTATIONS = YES;
				CLANG_WARN_DIRECT_OBJC_ISA_USAGE = YES_ERROR;
				CLANG_WARN_DOCUMENTATION_COMMENTS = YES;
				CLANG_WARN_EMPTY_BODY = YES;
				CLANG_WARN_ENUM_CONVERSION = YES;
				CLANG_WARN_INFINITE_RECURSION = YES;
				CLANG_WARN_INT_CONVERSION = YES;
				CLANG_WARN_NON_LITERAL_NULL_CONVERSION = YES;
				CLANG_WARN_OBJC_IMPLICIT_RETAIN_SELF = YES;
				CLANG_WARN_OBJC_LITERAL_CONVERSION = YES;
				CLANG_WARN_OBJC_ROOT_CLASS = YES_ERROR;
				CLANG_WARN_RANGE_LOOP_ANALYSIS = YES;
				CLANG_WARN_STRICT_PROTOTYPES = YES;
				CLANG_WARN_SUSPICIOUS_MOVE = YES;
				CLANG_WARN_UNGUARDED_AVAILABILITY = YES_AGGRESSIVE;
				CLANG_WARN_UNREACHABLE_CODE = YES;
				CLANG_WARN__DUPLICATE_METHOD_MATCH = YES;
				CODE_SIGN_IDENTITY = "iPhone Developer";
				COPY_PHASE_STRIP = NO;
				DEBUG_INFORMATION_FORMAT = "dwarf-with-dsym";
				ENABLE_NS_ASSERTIONS = NO;
				ENABLE_STRICT_OBJC_MSGSEND = YES;
				GCC_C_LANGUAGE_STANDARD = gnu11;
				GCC_NO_COMMON_BLOCKS = YES;
				GCC_WARN_64_TO_32_BIT_CONVERSION = YES;
				GCC_WARN_ABOUT_RETURN_TYPE = YES_ERROR;
				GCC_WARN_UNDECLARED_SELECTOR = YES;
				GCC_WARN_UNINITIALIZED_AUTOS = YES_AGGRESSIVE;
				GCC_WARN_UNUSED_FUNCTION = YES;
				GCC_WARN_UNUSED_VARIABLE = YES;
				IPHONEOS_DEPLOYMENT_TARGET = 12.4;
				MTL_ENABLE_DEBUG_INFO = NO;
				MTL_FAST_MATH = YES;
				SDKROOT = iphoneos;
				SWIFT_COMPILATION_MODE = wholemodule;
				SWIFT_OPTIMIZATION_LEVEL = "-O";
				VALIDATE_PRODUCT = YES;
			};
			name = Release;
		};
		C6DFA20B230D686E00974F16 /* Debug */ = {
			isa = XCBuildConfiguration;
			baseConfigurationReference = AA990848529C192D219E8051 /* Pods-FlickrImages.debug.xcconfig */;
			buildSettings = {
				ASSETCATALOG_COMPILER_APPICON_NAME = AppIcon;
				CODE_SIGN_STYLE = Automatic;
				DEVELOPMENT_TEAM = DNVNQCZ59K;
				INFOPLIST_FILE = FlickrImages/Info.plist;
				LD_RUNPATH_SEARCH_PATHS = (
					"$(inherited)",
					"@executable_path/Frameworks",
				);
				PRODUCT_BUNDLE_IDENTIFIER = Bartosz.Wolinski.FlickrImages;
				PRODUCT_NAME = "$(TARGET_NAME)";
				SWIFT_VERSION = 5.0;
				TARGETED_DEVICE_FAMILY = "1,2";
			};
			name = Debug;
		};
		C6DFA20C230D686E00974F16 /* Release */ = {
			isa = XCBuildConfiguration;
			baseConfigurationReference = 795B26650F443C3D52541840 /* Pods-FlickrImages.release.xcconfig */;
			buildSettings = {
				ASSETCATALOG_COMPILER_APPICON_NAME = AppIcon;
				CODE_SIGN_STYLE = Automatic;
				DEVELOPMENT_TEAM = DNVNQCZ59K;
				INFOPLIST_FILE = FlickrImages/Info.plist;
				LD_RUNPATH_SEARCH_PATHS = (
					"$(inherited)",
					"@executable_path/Frameworks",
				);
				PRODUCT_BUNDLE_IDENTIFIER = Bartosz.Wolinski.FlickrImages;
				PRODUCT_NAME = "$(TARGET_NAME)";
				SWIFT_VERSION = 5.0;
				TARGETED_DEVICE_FAMILY = "1,2";
			};
			name = Release;
		};
		C6DFA20E230D686E00974F16 /* Debug */ = {
			isa = XCBuildConfiguration;
			baseConfigurationReference = 2908C80E2B6ED25BD1486CD4 /* Pods-FlickrImagesTests.debug.xcconfig */;
			buildSettings = {
				ALWAYS_EMBED_SWIFT_STANDARD_LIBRARIES = YES;
				BUNDLE_LOADER = "$(TEST_HOST)";
				CODE_SIGN_STYLE = Automatic;
				DEVELOPMENT_TEAM = DNVNQCZ59K;
				INFOPLIST_FILE = FlickrImagesTests/Info.plist;
				LD_RUNPATH_SEARCH_PATHS = (
					"$(inherited)",
					"@executable_path/Frameworks",
					"@loader_path/Frameworks",
				);
				PRODUCT_BUNDLE_IDENTIFIER = Bartosz.Wolinski.FlickrImagesTests;
				PRODUCT_NAME = "$(TARGET_NAME)";
				SWIFT_VERSION = 5.0;
				TARGETED_DEVICE_FAMILY = "1,2";
				TEST_HOST = "$(BUILT_PRODUCTS_DIR)/FlickrImages.app/FlickrImages";
			};
			name = Debug;
		};
		C6DFA20F230D686E00974F16 /* Release */ = {
			isa = XCBuildConfiguration;
			baseConfigurationReference = 4BEFDDA6016865E131E6BF12 /* Pods-FlickrImagesTests.release.xcconfig */;
			buildSettings = {
				ALWAYS_EMBED_SWIFT_STANDARD_LIBRARIES = YES;
				BUNDLE_LOADER = "$(TEST_HOST)";
				CODE_SIGN_STYLE = Automatic;
				DEVELOPMENT_TEAM = DNVNQCZ59K;
				INFOPLIST_FILE = FlickrImagesTests/Info.plist;
				LD_RUNPATH_SEARCH_PATHS = (
					"$(inherited)",
					"@executable_path/Frameworks",
					"@loader_path/Frameworks",
				);
				PRODUCT_BUNDLE_IDENTIFIER = Bartosz.Wolinski.FlickrImagesTests;
				PRODUCT_NAME = "$(TARGET_NAME)";
				SWIFT_VERSION = 5.0;
				TARGETED_DEVICE_FAMILY = "1,2";
				TEST_HOST = "$(BUILT_PRODUCTS_DIR)/FlickrImages.app/FlickrImages";
			};
			name = Release;
		};
/* End XCBuildConfiguration section */

/* Begin XCConfigurationList section */
		C6DFA1E8230D686D00974F16 /* Build configuration list for PBXProject "FlickrImages" */ = {
			isa = XCConfigurationList;
			buildConfigurations = (
				C6DFA208230D686E00974F16 /* Debug */,
				C6DFA209230D686E00974F16 /* Release */,
			);
			defaultConfigurationIsVisible = 0;
			defaultConfigurationName = Release;
		};
		C6DFA20A230D686E00974F16 /* Build configuration list for PBXNativeTarget "FlickrImages" */ = {
			isa = XCConfigurationList;
			buildConfigurations = (
				C6DFA20B230D686E00974F16 /* Debug */,
				C6DFA20C230D686E00974F16 /* Release */,
			);
			defaultConfigurationIsVisible = 0;
			defaultConfigurationName = Release;
		};
		C6DFA20D230D686E00974F16 /* Build configuration list for PBXNativeTarget "FlickrImagesTests" */ = {
			isa = XCConfigurationList;
			buildConfigurations = (
				C6DFA20E230D686E00974F16 /* Debug */,
				C6DFA20F230D686E00974F16 /* Release */,
			);
			defaultConfigurationIsVisible = 0;
			defaultConfigurationName = Release;
		};
/* End XCConfigurationList section */
	};
	rootObject = C6DFA1E5230D686D00974F16 /* Project object */;
}
